
Microsoft Visual Studio Solution File, Format Version 12.00
# Visual Studio Version 17
VisualStudioVersion = 17.14.36429.23 d17.14
MinimumVisualStudioVersion = 10.0.40219.1
Project("{2150E333-8FDC-42A3-9474-1A3956D46DE8}") = "Task0", "Task0", "{02EA681E-C7D8-13C7-8484-4AC65E1B71E8}"
EndProject
Project("{2150E333-8FDC-42A3-9474-1A3956D46DE8}") = "Task1", "Task1", "{17B54F0A-4193-4802-A896-0E28716A34C5}"
EndProject
Project("{2150E333-8FDC-42A3-9474-1A3956D46DE8}") = "Task2", "Task2", "{22233D18-9ED7-4FBF-AD42-51E14845D046}"
EndProject
Project("{2150E333-8FDC-42A3-9474-1A3956D46DE8}") = "Task3", "Task3", "{62A1EAB1-A3D9-430A-847B-9F89FC1A3522}"
EndProject
Project("{2150E333-8FDC-42A3-9474-1A3956D46DE8}") = "Task4", "Task4", "{25829D5E-FD57-480F-922D-A77BD47CEFFA}"
EndProject
Project("{2150E333-8FDC-42A3-9474-1A3956D46DE8}") = "Task5", "Task5", "{40CCF713-DE43-4F18-BCC2-5B46C1E952D4}"
EndProject
Project("{2150E333-8FDC-42A3-9474-1A3956D46DE8}") = "Task6", "Task6", "{2E31C226-4FFC-4912-8D1A-DA63309176B3}"
EndProject
Project("{2150E333-8FDC-42A3-9474-1A3956D46DE8}") = "Task7", "Task7", "{F6F8F7D6-7EAA-499A-B744-D2FBE2A69182}"
EndProject
Project("{FAE04EC0-301F-11D3-BF4B-00C04F79EFBC}") = "Tyuiu.Tidzhanin.Sprint5.Task0.V25", "Tyuiu.Tidzhanin.Sprint5.Task0.V25\Tyuiu.Tidzhanin.Sprint5.Task0.V25.csproj", "{6EE8B293-CEB9-4F21-BB74-4E36A30FA216}"
EndProject
Project("{FAE04EC0-301F-11D3-BF4B-00C04F79EFBC}") = "Tyuiu.Tidzhanin.Sprint5.Task0.V25.Lib", "Tyuiu.Tidzhanin.Sprint5.Task0.V25.Lib\Tyuiu.Tidzhanin.Sprint5.Task0.V25.Lib.csproj", "{AD719C11-B67F-4A5C-815C-F40A5B606EF3}"
EndProject
Project("{FAE04EC0-301F-11D3-BF4B-00C04F79EFBC}") = "Tyuiu.Tidzhanin.Sprint5.Task0.V25.Test", "Tyuiu.Tidzhanin.Sprint5.Task0.V25.Test\Tyuiu.Tidzhanin.Sprint5.Task0.V25.Test.csproj", "{4037A36A-7FD5-459C-9D07-CEB2BC8F8E31}"
EndProject
Project("{FAE04EC0-301F-11D3-BF4B-00C04F79EFBC}") = "Tyuiu.Tidzhanin.Sprint5.Task1.V4", "Tyuiu.Tidzhanin.Sprint5.Task1.V4\Tyuiu.Tidzhanin.Sprint5.Task1.V4.csproj", "{15819561-6B86-4130-92FC-6E50207814A4}"
EndProject
Project("{FAE04EC0-301F-11D3-BF4B-00C04F79EFBC}") = "Tyuiu.Tidzhanin.Sprint5.Task1.V4.Lib", "Tyuiu.Tidzhanin.Sprint5.Task1.V4.Lib\Tyuiu.Tidzhanin.Sprint5.Task1.V4.Lib.csproj", "{EDCAC768-F9A4-4BA5-94A5-B22696415E0C}"
EndProject
Project("{FAE04EC0-301F-11D3-BF4B-00C04F79EFBC}") = "Tyuiu.Tidzhanin.Sprint5.Task1.V4.Test", "Tyuiu.Tidzhanin.Sprint5.Task1.V4.Test\Tyuiu.Tidzhanin.Sprint5.Task1.V4.Test.csproj", "{AE9F8CA6-3FF9-42F9-B798-E41CB5D6CDE7}"
EndProject
Project("{FAE04EC0-301F-11D3-BF4B-00C04F79EFBC}") = "Tyuiu.Tidzhanin.Sprint5.Task2.V26", "Tyuiu.Tidzhanin.Sprint5.Task2.V26\Tyuiu.Tidzhanin.Sprint5.Task2.V26.csproj", "{70EFC90D-94DA-4DAC-9A6C-B887E4274523}"
EndProject
Project("{FAE04EC0-301F-11D3-BF4B-00C04F79EFBC}") = "Tyuiu.Tidzhanin.Sprint5.Task2.V26.Lib", "Tyuiu.Tidzhanin.Sprint5.Task2.V26.Lib\Tyuiu.Tidzhanin.Sprint5.Task2.V26.Lib.csproj", "{9E072961-6E62-4F69-A506-9DF23FDB07AC}"
EndProject
Project("{FAE04EC0-301F-11D3-BF4B-00C04F79EFBC}") = "Tyuiu.Tidzhanin.Sprint5.Task2.V26.Test", "Tyuiu.Tidzhanin.Sprint5.Task2.V26.Test\Tyuiu.Tidzhanin.Sprint5.Task2.V26.Test.csproj", "{49BB1E80-2BBB-4EDD-9C33-D974D72E4D49}"
EndProject
Project("{FAE04EC0-301F-11D3-BF4B-00C04F79EFBC}") = "Tyuiu.Tidzhanin.Sprint5.Task3.V21", "Tyuiu.Tidzhanin.Sprint5.Task3.V21\Tyuiu.Tidzhanin.Sprint5.Task3.V21.csproj", "{B5E91900-1308-4087-8B55-2C8B1D0D06FD}"
EndProject
Project("{FAE04EC0-301F-11D3-BF4B-00C04F79EFBC}") = "Tyuiu.Tidzhanin.Sprint5.Task3.V21.Lib", "Tyuiu.Tidzhanin.Sprint5.Task3.V21.Lib\Tyuiu.Tidzhanin.Sprint5.Task3.V21.Lib.csproj", "{265E1CEA-5DC8-47B0-A52B-D00400B55125}"
EndProject
Project("{FAE04EC0-301F-11D3-BF4B-00C04F79EFBC}") = "Tyuiu.Tidzhanin.Sprint5.Task3.V21.Test", "Tyuiu.Tidzhanin.Sprint5.Task3.V21.Test\Tyuiu.Tidzhanin.Sprint5.Task3.V21.Test.csproj", "{84E5CD74-5D8F-4438-90A5-2EA71474AFA6}"
EndProject
Project("{FAE04EC0-301F-11D3-BF4B-00C04F79EFBC}") = "Tyuiu.Tidzhanin.Sprint5.Task4.V16", "Tyuiu.Tidzhanin.Sprint5.Task4.V16\Tyuiu.Tidzhanin.Sprint5.Task4.V16.csproj", "{993ABF8F-6011-4B5B-80F3-7D3222994B5F}"
EndProject
Project("{FAE04EC0-301F-11D3-BF4B-00C04F79EFBC}") = "Tyuiu.Tidzhanin.Sprint5.Task4.V16.Lib", "Tyuiu.Tidzhanin.Sprint5.Task4.V16.Lib\Tyuiu.Tidzhanin.Sprint5.Task4.V16.Lib.csproj", "{ECCB3303-7DE2-43C1-991F-15FBF27F8873}"
EndProject
Project("{FAE04EC0-301F-11D3-BF4B-00C04F79EFBC}") = "Tyuiu.Tidzhanin.Sprint5.Task4.V16.Test", "Tyuiu.Tidzhanin.Sprint5.Task4.V16.Test\Tyuiu.Tidzhanin.Sprint5.Task4.V16.Test.csproj", "{8D2F3A7E-B3EC-4318-8CBB-63D88C94F16C}"
EndProject
Global
	GlobalSection(SolutionConfigurationPlatforms) = preSolution
		Debug|Any CPU = Debug|Any CPU
		Release|Any CPU = Release|Any CPU
	EndGlobalSection
	GlobalSection(ProjectConfigurationPlatforms) = postSolution
		{6EE8B293-CEB9-4F21-BB74-4E36A30FA216}.Debug|Any CPU.ActiveCfg = Debug|Any CPU
		{6EE8B293-CEB9-4F21-BB74-4E36A30FA216}.Debug|Any CPU.Build.0 = Debug|Any CPU
		{6EE8B293-CEB9-4F21-BB74-4E36A30FA216}.Release|Any CPU.ActiveCfg = Release|Any CPU
		{6EE8B293-CEB9-4F21-BB74-4E36A30FA216}.Release|Any CPU.Build.0 = Release|Any CPU
		{AD719C11-B67F-4A5C-815C-F40A5B606EF3}.Debug|Any CPU.ActiveCfg = Debug|Any CPU
		{AD719C11-B67F-4A5C-815C-F40A5B606EF3}.Debug|Any CPU.Build.0 = Debug|Any CPU
		{AD719C11-B67F-4A5C-815C-F40A5B606EF3}.Release|Any CPU.ActiveCfg = Release|Any CPU
		{AD719C11-B67F-4A5C-815C-F40A5B606EF3}.Release|Any CPU.Build.0 = Release|Any CPU
		{4037A36A-7FD5-459C-9D07-CEB2BC8F8E31}.Debug|Any CPU.ActiveCfg = Debug|Any CPU
		{4037A36A-7FD5-459C-9D07-CEB2BC8F8E31}.Debug|Any CPU.Build.0 = Debug|Any CPU
		{4037A36A-7FD5-459C-9D07-CEB2BC8F8E31}.Release|Any CPU.ActiveCfg = Release|Any CPU
		{4037A36A-7FD5-459C-9D07-CEB2BC8F8E31}.Release|Any CPU.Build.0 = Release|Any CPU
		{15819561-6B86-4130-92FC-6E50207814A4}.Debug|Any CPU.ActiveCfg = Debug|Any CPU
		{15819561-6B86-4130-92FC-6E50207814A4}.Debug|Any CPU.Build.0 = Debug|Any CPU
		{15819561-6B86-4130-92FC-6E50207814A4}.Release|Any CPU.ActiveCfg = Release|Any CPU
		{15819561-6B86-4130-92FC-6E50207814A4}.Release|Any CPU.Build.0 = Release|Any CPU
		{EDCAC768-F9A4-4BA5-94A5-B22696415E0C}.Debug|Any CPU.ActiveCfg = Debug|Any CPU
		{EDCAC768-F9A4-4BA5-94A5-B22696415E0C}.Debug|Any CPU.Build.0 = Debug|Any CPU
		{EDCAC768-F9A4-4BA5-94A5-B22696415E0C}.Release|Any CPU.ActiveCfg = Release|Any CPU
		{EDCAC768-F9A4-4BA5-94A5-B22696415E0C}.Release|Any CPU.Build.0 = Release|Any CPU
		{AE9F8CA6-3FF9-42F9-B798-E41CB5D6CDE7}.Debug|Any CPU.ActiveCfg = Debug|Any CPU
		{AE9F8CA6-3FF9-42F9-B798-E41CB5D6CDE7}.Debug|Any CPU.Build.0 = Debug|Any CPU
		{AE9F8CA6-3FF9-42F9-B798-E41CB5D6CDE7}.Release|Any CPU.ActiveCfg = Release|Any CPU
		{AE9F8CA6-3FF9-42F9-B798-E41CB5D6CDE7}.Release|Any CPU.Build.0 = Release|Any CPU
		{70EFC90D-94DA-4DAC-9A6C-B887E4274523}.Debug|Any CPU.ActiveCfg = Debug|Any CPU
		{70EFC90D-94DA-4DAC-9A6C-B887E4274523}.Debug|Any CPU.Build.0 = Debug|Any CPU
		{70EFC90D-94DA-4DAC-9A6C-B887E4274523}.Release|Any CPU.ActiveCfg = Release|Any CPU
		{70EFC90D-94DA-4DAC-9A6C-B887E4274523}.Release|Any CPU.Build.0 = Release|Any CPU
		{9E072961-6E62-4F69-A506-9DF23FDB07AC}.Debug|Any CPU.ActiveCfg = Debug|Any CPU
		{9E072961-6E62-4F69-A506-9DF23FDB07AC}.Debug|Any CPU.Build.0 = Debug|Any CPU
		{9E072961-6E62-4F69-A506-9DF23FDB07AC}.Release|Any CPU.ActiveCfg = Release|Any CPU
		{9E072961-6E62-4F69-A506-9DF23FDB07AC}.Release|Any CPU.Build.0 = Release|Any CPU
		{49BB1E80-2BBB-4EDD-9C33-D974D72E4D49}.Debug|Any CPU.ActiveCfg = Debug|Any CPU
		{49BB1E80-2BBB-4EDD-9C33-D974D72E4D49}.Debug|Any CPU.Build.0 = Debug|Any CPU
		{49BB1E80-2BBB-4EDD-9C33-D974D72E4D49}.Release|Any CPU.ActiveCfg = Release|Any CPU
		{49BB1E80-2BBB-4EDD-9C33-D974D72E4D49}.Release|Any CPU.Build.0 = Release|Any CPU
		{B5E91900-1308-4087-8B55-2C8B1D0D06FD}.Debug|Any CPU.ActiveCfg = Debug|Any CPU
		{B5E91900-1308-4087-8B55-2C8B1D0D06FD}.Debug|Any CPU.Build.0 = Debug|Any CPU
		{B5E91900-1308-4087-8B55-2C8B1D0D06FD}.Release|Any CPU.ActiveCfg = Release|Any CPU
		{B5E91900-1308-4087-8B55-2C8B1D0D06FD}.Release|Any CPU.Build.0 = Release|Any CPU
		{265E1CEA-5DC8-47B0-A52B-D00400B55125}.Debug|Any CPU.ActiveCfg = Debug|Any CPU
		{265E1CEA-5DC8-47B0-A52B-D00400B55125}.Debug|Any CPU.Build.0 = Debug|Any CPU
		{265E1CEA-5DC8-47B0-A52B-D00400B55125}.Release|Any CPU.ActiveCfg = Release|Any CPU
		{265E1CEA-5DC8-47B0-A52B-D00400B55125}.Release|Any CPU.Build.0 = Release|Any CPU
		{84E5CD74-5D8F-4438-90A5-2EA71474AFA6}.Debug|Any CPU.ActiveCfg = Debug|Any CPU
		{84E5CD74-5D8F-4438-90A5-2EA71474AFA6}.Debug|Any CPU.Build.0 = Debug|Any CPU
		{84E5CD74-5D8F-4438-90A5-2EA71474AFA6}.Release|Any CPU.ActiveCfg = Release|Any CPU
		{84E5CD74-5D8F-4438-90A5-2EA71474AFA6}.Release|Any CPU.Build.0 = Release|Any CPU
		{993ABF8F-6011-4B5B-80F3-7D3222994B5F}.Debug|Any CPU.ActiveCfg = Debug|Any CPU
		{993ABF8F-6011-4B5B-80F3-7D3222994B5F}.Debug|Any CPU.Build.0 = Debug|Any CPU
		{993ABF8F-6011-4B5B-80F3-7D3222994B5F}.Release|Any CPU.ActiveCfg = Release|Any CPU
		{993ABF8F-6011-4B5B-80F3-7D3222994B5F}.Release|Any CPU.Build.0 = Release|Any CPU
		{ECCB3303-7DE2-43C1-991F-15FBF27F8873}.Debug|Any CPU.ActiveCfg = Debug|Any CPU
		{ECCB3303-7DE2-43C1-991F-15FBF27F8873}.Debug|Any CPU.Build.0 = Debug|Any CPU
		{ECCB3303-7DE2-43C1-991F-15FBF27F8873}.Release|Any CPU.ActiveCfg = Release|Any CPU
		{ECCB3303-7DE2-43C1-991F-15FBF27F8873}.Release|Any CPU.Build.0 = Release|Any CPU
		{8D2F3A7E-B3EC-4318-8CBB-63D88C94F16C}.Debug|Any CPU.ActiveCfg = Debug|Any CPU
		{8D2F3A7E-B3EC-4318-8CBB-63D88C94F16C}.Debug|Any CPU.Build.0 = Debug|Any CPU
		{8D2F3A7E-B3EC-4318-8CBB-63D88C94F16C}.Release|Any CPU.ActiveCfg = Release|Any CPU
		{8D2F3A7E-B3EC-4318-8CBB-63D88C94F16C}.Release|Any CPU.Build.0 = Release|Any CPU
	EndGlobalSection
	GlobalSection(SolutionProperties) = preSolution
		HideSolutionNode = FALSE
	EndGlobalSection
	GlobalSection(NestedProjects) = preSolution
		{6EE8B293-CEB9-4F21-BB74-4E36A30FA216} = {02EA681E-C7D8-13C7-8484-4AC65E1B71E8}
		{AD719C11-B67F-4A5C-815C-F40A5B606EF3} = {02EA681E-C7D8-13C7-8484-4AC65E1B71E8}
		{4037A36A-7FD5-459C-9D07-CEB2BC8F8E31} = {02EA681E-C7D8-13C7-8484-4AC65E1B71E8}
		{15819561-6B86-4130-92FC-6E50207814A4} = {17B54F0A-4193-4802-A896-0E28716A34C5}
		{EDCAC768-F9A4-4BA5-94A5-B22696415E0C} = {17B54F0A-4193-4802-A896-0E28716A34C5}
		{AE9F8CA6-3FF9-42F9-B798-E41CB5D6CDE7} = {17B54F0A-4193-4802-A896-0E28716A34C5}
		{70EFC90D-94DA-4DAC-9A6C-B887E4274523} = {22233D18-9ED7-4FBF-AD42-51E14845D046}
		{9E072961-6E62-4F69-A506-9DF23FDB07AC} = {22233D18-9ED7-4FBF-AD42-51E14845D046}
		{49BB1E80-2BBB-4EDD-9C33-D974D72E4D49} = {22233D18-9ED7-4FBF-AD42-51E14845D046}
		{B5E91900-1308-4087-8B55-2C8B1D0D06FD} = {62A1EAB1-A3D9-430A-847B-9F89FC1A3522}
		{265E1CEA-5DC8-47B0-A52B-D00400B55125} = {62A1EAB1-A3D9-430A-847B-9F89FC1A3522}
		{84E5CD74-5D8F-4438-90A5-2EA71474AFA6} = {62A1EAB1-A3D9-430A-847B-9F89FC1A3522}
		{993ABF8F-6011-4B5B-80F3-7D3222994B5F} = {25829D5E-FD57-480F-922D-A77BD47CEFFA}
		{ECCB3303-7DE2-43C1-991F-15FBF27F8873} = {25829D5E-FD57-480F-922D-A77BD47CEFFA}
		{8D2F3A7E-B3EC-4318-8CBB-63D88C94F16C} = {25829D5E-FD57-480F-922D-A77BD47CEFFA}
	EndGlobalSection
	GlobalSection(ExtensibilityGlobals) = postSolution
		SolutionGuid = {66D5A9E0-A5DB-4536-92D5-71396CC0E841}
	EndGlobalSection
EndGlobal
